
Microsoft Visual Studio Solution File, Format Version 12.00
# Visual Studio Version 17
VisualStudioVersion = 17.14.37216.2 d17.14
MinimumVisualStudioVersion = 10.0.40219.1
Project("{FAE04EC0-301F-11D3-BF4B-00C04F79EFBC}") = "SmartTaskManagementSystem.API", "SmartTaskManagementSystem.API\SmartTaskManagementSystem.API.csproj", "{8D6CDE72-5790-4B72-9F49-0205A53A407D}"
EndProject
Global
	GlobalSection(SolutionConfigurationPlatforms) = preSolution
		Debug|Any CPU = Debug|Any CPU
		Release|Any CPU = Release|Any CPU
	EndGlobalSection
	GlobalSection(ProjectConfigurationPlatforms) = postSolution
		{8D6CDE72-5790-4B72-9F49-0205A53A407D}.Debug|Any CPU.ActiveCfg = Debug|Any CPU
		{8D6CDE72-5790-4B72-9F49-0205A53A407D}.Debug|Any CPU.Build.0 = Debug|Any CPU
		{8D6CDE72-5790-4B72-9F49-0205A53A407D}.Release|Any CPU.ActiveCfg = Release|Any CPU
		{8D6CDE72-5790-4B72-9F49-0205A53A407D}.Release|Any CPU.Build.0 = Release|Any CPU
	EndGlobalSection
	GlobalSection(SolutionProperties) = preSolution
		HideSolutionNode = FALSE
	EndGlobalSection
	GlobalSection(ExtensibilityGlobals) = postSolution
		SolutionGuid = {225BB612-FD39-4858-BB62-55A4D4196354}
	EndGlobalSection
EndGlobal
